Microsoft Visual Studio Solution File, Format Version 11.00
# Visual Studio 2008

Project("{DE1EC9EB-75DB-29E1-5462-AAC0294DD437}") = "Testing Ground", "Assembly-CSharp.csproj", "{03947482-F340-ABD1-F2E2-005C567113F1}"
EndProject
Global
	GlobalSection(SolutionConfigurationPlatforms) = preSolution
		Debug|Any CPU = Debug|Any CPU
		Release|Any CPU = Release|Any CPU
	EndGlobalSection
	GlobalSection(ProjectConfigurationPlatforms) = postSolution
		{03947482-F340-ABD1-F2E2-005C567113F1}.Debug|Any CPU.ActiveCfg = Debug|Any CPU
		{03947482-F340-ABD1-F2E2-005C567113F1}.Debug|Any CPU.Build.0 = Debug|Any CPU
		{03947482-F340-ABD1-F2E2-005C567113F1}.Release|Any CPU.ActiveCfg = Release|Any CPU
		{03947482-F340-ABD1-F2E2-005C567113F1}.Release|Any CPU.Build.0 = Release|Any CPU
	EndGlobalSection
	GlobalSection(SolutionProperties) = preSolution
		HideSolutionNode = FALSE
	EndGlobalSection
	GlobalSection(MonoDevelopProperties) = preSolution
		StartupItem = Assembly-CSharp.csproj
	EndGlobalSection
EndGlobal
