Microsoft Visual Studio Solution File, Format Version 11.00
# Visual Studio 2008

Project("{3E0BFB6C-D300-041E-6481-30EDE0E74746}") = "Rolling a ball around", "Assembly-CSharp.csproj", "{59434693-E895-7811-24CE-907CBD005BCB}"
EndProject
Global
	GlobalSection(SolutionConfigurationPlatforms) = preSolution
		Debug|Any CPU = Debug|Any CPU
		Release|Any CPU = Release|Any CPU
	EndGlobalSection
	GlobalSection(ProjectConfigurationPlatforms) = postSolution
		{59434693-E895-7811-24CE-907CBD005BCB}.Debug|Any CPU.ActiveCfg = Debug|Any CPU
		{59434693-E895-7811-24CE-907CBD005BCB}.Debug|Any CPU.Build.0 = Debug|Any CPU
		{59434693-E895-7811-24CE-907CBD005BCB}.Release|Any CPU.ActiveCfg = Release|Any CPU
		{59434693-E895-7811-24CE-907CBD005BCB}.Release|Any CPU.Build.0 = Release|Any CPU
	EndGlobalSection
	GlobalSection(SolutionProperties) = preSolution
		HideSolutionNode = FALSE
	EndGlobalSection
	GlobalSection(MonoDevelopProperties) = preSolution
		StartupItem = Assembly-CSharp.csproj
	EndGlobalSection
EndGlobal
